
Microsoft Visual Studio Solution File, Format Version 12.00
# Visual Studio Version 16
VisualStudioVersion = 16.0.30320.27
MinimumVisualStudioVersion = 10.0.40219.1
Project("{FAE04EC0-301F-11D3-BF4B-00C04F79EFBC}") = "SE245_LAB4_wamar_Part3", "SE245_LAB4_wamar_Part3.csproj", "{A45DC9D7-539F-49A8-8FE6-14CE4E213FD7}"
EndProject
Global
	GlobalSection(SolutionConfigurationPlatforms) = preSolution
		Debug|Any CPU = Debug|Any CPU
		Release|Any CPU = Release|Any CPU
	EndGlobalSection
	GlobalSection(ProjectConfigurationPlatforms) = postSolution
		{A45DC9D7-539F-49A8-8FE6-14CE4E213FD7}.Debug|Any CPU.ActiveCfg = Debug|Any CPU
		{A45DC9D7-539F-49A8-8FE6-14CE4E213FD7}.Debug|Any CPU.Build.0 = Debug|Any CPU
		{A45DC9D7-539F-49A8-8FE6-14CE4E213FD7}.Release|Any CPU.ActiveCfg = Release|Any CPU
		{A45DC9D7-539F-49A8-8FE6-14CE4E213FD7}.Release|Any CPU.Build.0 = Release|Any CPU
	EndGlobalSection
	GlobalSection(SolutionProperties) = preSolution
		HideSolutionNode = FALSE
	EndGlobalSection
	GlobalSection(ExtensibilityGlobals) = postSolution
		SolutionGuid = {5630CA64-10FA-43E7-8ED9-889C28CB87B4}
	EndGlobalSection
EndGlobal
